
Microsoft Visual Studio Solution File, Format Version 12.00
# Visual Studio Version 16
VisualStudioVersion = 16.0.32413.511
MinimumVisualStudioVersion = 10.0.40219.1
Project("{FAE04EC0-301F-11D3-BF4B-00C04F79EFBC}") = "ExamenAPI", "ExamenAPI\ExamenAPI.csproj", "{5BB46F53-D78B-4262-818F-8B189D4EA266}"
EndProject
Project("{FAE04EC0-301F-11D3-BF4B-00C04F79EFBC}") = "API.Domain", "API.Domain\API.Domain.csproj", "{2E1BD82B-EB7C-4F10-A064-BFBE0628DACE}"
EndProject
Global
	GlobalSection(SolutionConfigurationPlatforms) = preSolution
		Debug|Any CPU = Debug|Any CPU
		Release|Any CPU = Release|Any CPU
	EndGlobalSection
	GlobalSection(ProjectConfigurationPlatforms) = postSolution
		{5BB46F53-D78B-4262-818F-8B189D4EA266}.Debug|Any CPU.ActiveCfg = Debug|Any CPU
		{5BB46F53-D78B-4262-818F-8B189D4EA266}.Debug|Any CPU.Build.0 = Debug|Any CPU
		{5BB46F53-D78B-4262-818F-8B189D4EA266}.Release|Any CPU.ActiveCfg = Release|Any CPU
		{5BB46F53-D78B-4262-818F-8B189D4EA266}.Release|Any CPU.Build.0 = Release|Any CPU
		{2E1BD82B-EB7C-4F10-A064-BFBE0628DACE}.Debug|Any CPU.ActiveCfg = Debug|Any CPU
		{2E1BD82B-EB7C-4F10-A064-BFBE0628DACE}.Debug|Any CPU.Build.0 = Debug|Any CPU
		{2E1BD82B-EB7C-4F10-A064-BFBE0628DACE}.Release|Any CPU.ActiveCfg = Release|Any CPU
		{2E1BD82B-EB7C-4F10-A064-BFBE0628DACE}.Release|Any CPU.Build.0 = Release|Any CPU
	EndGlobalSection
	GlobalSection(SolutionProperties) = preSolution
		HideSolutionNode = FALSE
	EndGlobalSection
	GlobalSection(ExtensibilityGlobals) = postSolution
		SolutionGuid = {27424DE9-A663-447E-A790-490B802010F4}
	EndGlobalSection
EndGlobal
